Microsoft Visual Studio Solution File, Format Version 12.00
# Visual Studio Version 17
VisualStudioVersion = 17.5.2.0
MinimumVisualStudioVersion = 10.0.40219.1
Project("{FAE04EC0-301F-11D3-BF4B-00C04F79EFBC}") = "InventarioPersonal.CLI", "InventarioPersonal.CLI.csproj", "{7DC5AC8C-8B4D-F241-6EBB-C10B5475DFA4}"
EndProject
Global
	GlobalSection(SolutionConfigurationPlatforms) = preSolution
		Debug|Any CPU = Debug|Any CPU
		Release|Any CPU = Release|Any CPU
	EndGlobalSection
	GlobalSection(ProjectConfigurationPlatforms) = postSolution
		{7DC5AC8C-8B4D-F241-6EBB-C10B5475DFA4}.Debug|Any CPU.ActiveCfg = Debug|Any CPU
		{7DC5AC8C-8B4D-F241-6EBB-C10B5475DFA4}.Debug|Any CPU.Build.0 = Debug|Any CPU
		{7DC5AC8C-8B4D-F241-6EBB-C10B5475DFA4}.Release|Any CPU.ActiveCfg = Release|Any CPU
		{7DC5AC8C-8B4D-F241-6EBB-C10B5475DFA4}.Release|Any CPU.Build.0 = Release|Any CPU
	EndGlobalSection
	GlobalSection(SolutionProperties) = preSolution
		HideSolutionNode = FALSE
	EndGlobalSection
	GlobalSection(ExtensibilityGlobals) = postSolution
		SolutionGuid = {F0E37EC3-3FE5-4E9E-92E0-43A33D58EAD2}
	EndGlobalSection
EndGlobal
